
Microsoft Visual Studio Solution File, Format Version 12.00
# Visual Studio Version 17
VisualStudioVersion = 17.10.35013.160
MinimumVisualStudioVersion = 10.0.40219.1
Project("{9A19103F-16F7-4668-BE54-9A1E7A4F7556}") = "IA_ML_BERT", "IA_ML_BERT\IA_ML_BERT.csproj", "{8972D2C1-C5A7-4370-A27A-21A522E1F1FF}"
EndProject
Project("{9A19103F-16F7-4668-BE54-9A1E7A4F7556}") = "MODELO ENCONTRAR PREGUNTA SIMILAR AP GUIADO", "MODELO ENCONTRAR PREGUNTA SIMILAR AP GUIADO\MODELO ENCONTRAR PREGUNTA SIMILAR AP GUIADO.csproj", "{26AFC57B-AC3C-48BF-B9F7-46554BCF8734}"
EndProject
Project("{9A19103F-16F7-4668-BE54-9A1E7A4F7556}") = "ASISTENTE", "ASISTENTE\ASISTENTE.csproj", "{299F5877-D5C0-46B6-8A9D-511AEC7837E1}"
EndProject
Project("{9A19103F-16F7-4668-BE54-9A1E7A4F7556}") = "AUTOCOMPLETADO IA", "AUTOCOMPLETADO IA\AUTOCOMPLETADO IA.csproj", "{5603CA1A-D1B3-4C31-8A5C-F205B7E21CB1}"
EndProject
Project("{9A19103F-16F7-4668-BE54-9A1E7A4F7556}") = "IA INTENCION", "IA INTENCION\IA INTENCION.csproj", "{F645ACBE-4DE7-401E-BF5E-B5BB2F4DAB85}"
EndProject
Project("{9A19103F-16F7-4668-BE54-9A1E7A4F7556}") = "IA IMAGES", "IA IMAGES\IA IMAGES.csproj", "{38F7B485-BCC2-4DF7-8191-A4E30EC0EDD9}"
EndProject
Project("{9A19103F-16F7-4668-BE54-9A1E7A4F7556}") = "BUSCADOR IA POR NOMBRE", "BUSCADOR IA POR NOMBRE\BUSCADOR IA POR NOMBRE.csproj", "{5040183C-789C-439F-80C8-58C6740288A9}"
EndProject
Project("{9A19103F-16F7-4668-BE54-9A1E7A4F7556}") = "Practice English", "Practice English\Practice English.csproj", "{45B7EE36-925D-4BDB-B11B-1C697C58B7AE}"
EndProject
Project("{FAE04EC0-301F-11D3-BF4B-00C04F79EFBC}") = "SOLO PRUEBAS", "SOLO PRUEBAS\SOLO PRUEBAS.csproj", "{29B8B205-B4D3-4562-8DF7-582AE6FA6266}"
EndProject
Project("{FAE04EC0-301F-11D3-BF4B-00C04F79EFBC}") = "DIVIDIR TEXTO EN SVC", "DIVIDIR TEXTO EN SVC\DIVIDIR TEXTO EN SVC.csproj", "{A4043DB8-083D-48E5-8B88-995C649DDA66}"
EndProject
Global
	GlobalSection(SolutionConfigurationPlatforms) = preSolution
		Debug|Any CPU = Debug|Any CPU
		Release|Any CPU = Release|Any CPU
	EndGlobalSection
	GlobalSection(ProjectConfigurationPlatforms) = postSolution
		{8972D2C1-C5A7-4370-A27A-21A522E1F1FF}.Debug|Any CPU.ActiveCfg = Debug|Any CPU
		{8972D2C1-C5A7-4370-A27A-21A522E1F1FF}.Debug|Any CPU.Build.0 = Debug|Any CPU
		{8972D2C1-C5A7-4370-A27A-21A522E1F1FF}.Release|Any CPU.ActiveCfg = Release|Any CPU
		{8972D2C1-C5A7-4370-A27A-21A522E1F1FF}.Release|Any CPU.Build.0 = Release|Any CPU
		{26AFC57B-AC3C-48BF-B9F7-46554BCF8734}.Debug|Any CPU.ActiveCfg = Debug|Any CPU
		{26AFC57B-AC3C-48BF-B9F7-46554BCF8734}.Debug|Any CPU.Build.0 = Debug|Any CPU
		{26AFC57B-AC3C-48BF-B9F7-46554BCF8734}.Release|Any CPU.ActiveCfg = Release|Any CPU
		{26AFC57B-AC3C-48BF-B9F7-46554BCF8734}.Release|Any CPU.Build.0 = Release|Any CPU
		{299F5877-D5C0-46B6-8A9D-511AEC7837E1}.Debug|Any CPU.ActiveCfg = Debug|Any CPU
		{299F5877-D5C0-46B6-8A9D-511AEC7837E1}.Debug|Any CPU.Build.0 = Debug|Any CPU
		{299F5877-D5C0-46B6-8A9D-511AEC7837E1}.Release|Any CPU.ActiveCfg = Release|Any CPU
		{299F5877-D5C0-46B6-8A9D-511AEC7837E1}.Release|Any CPU.Build.0 = Release|Any CPU
		{5603CA1A-D1B3-4C31-8A5C-F205B7E21CB1}.Debug|Any CPU.ActiveCfg = Debug|Any CPU
		{5603CA1A-D1B3-4C31-8A5C-F205B7E21CB1}.Debug|Any CPU.Build.0 = Debug|Any CPU
		{5603CA1A-D1B3-4C31-8A5C-F205B7E21CB1}.Release|Any CPU.ActiveCfg = Release|Any CPU
		{5603CA1A-D1B3-4C31-8A5C-F205B7E21CB1}.Release|Any CPU.Build.0 = Release|Any CPU
		{F645ACBE-4DE7-401E-BF5E-B5BB2F4DAB85}.Debug|Any CPU.ActiveCfg = Debug|Any CPU
		{F645ACBE-4DE7-401E-BF5E-B5BB2F4DAB85}.Debug|Any CPU.Build.0 = Debug|Any CPU
		{F645ACBE-4DE7-401E-BF5E-B5BB2F4DAB85}.Release|Any CPU.ActiveCfg = Release|Any CPU
		{F645ACBE-4DE7-401E-BF5E-B5BB2F4DAB85}.Release|Any CPU.Build.0 = Release|Any CPU
		{38F7B485-BCC2-4DF7-8191-A4E30EC0EDD9}.Debug|Any CPU.ActiveCfg = Debug|Any CPU
		{38F7B485-BCC2-4DF7-8191-A4E30EC0EDD9}.Debug|Any CPU.Build.0 = Debug|Any CPU
		{38F7B485-BCC2-4DF7-8191-A4E30EC0EDD9}.Release|Any CPU.ActiveCfg = Release|Any CPU
		{38F7B485-BCC2-4DF7-8191-A4E30EC0EDD9}.Release|Any CPU.Build.0 = Release|Any CPU
		{5040183C-789C-439F-80C8-58C6740288A9}.Debug|Any CPU.ActiveCfg = Debug|Any CPU
		{5040183C-789C-439F-80C8-58C6740288A9}.Debug|Any CPU.Build.0 = Debug|Any CPU
		{5040183C-789C-439F-80C8-58C6740288A9}.Release|Any CPU.ActiveCfg = Release|Any CPU
		{5040183C-789C-439F-80C8-58C6740288A9}.Release|Any CPU.Build.0 = Release|Any CPU
		{45B7EE36-925D-4BDB-B11B-1C697C58B7AE}.Debug|Any CPU.ActiveCfg = Debug|Any CPU
		{45B7EE36-925D-4BDB-B11B-1C697C58B7AE}.Debug|Any CPU.Build.0 = Debug|Any CPU
		{45B7EE36-925D-4BDB-B11B-1C697C58B7AE}.Release|Any CPU.ActiveCfg = Release|Any CPU
		{45B7EE36-925D-4BDB-B11B-1C697C58B7AE}.Release|Any CPU.Build.0 = Release|Any CPU
		{29B8B205-B4D3-4562-8DF7-582AE6FA6266}.Debug|Any CPU.ActiveCfg = Debug|Any CPU
		{29B8B205-B4D3-4562-8DF7-582AE6FA6266}.Debug|Any CPU.Build.0 = Debug|Any CPU
		{29B8B205-B4D3-4562-8DF7-582AE6FA6266}.Release|Any CPU.ActiveCfg = Release|Any CPU
		{29B8B205-B4D3-4562-8DF7-582AE6FA6266}.Release|Any CPU.Build.0 = Release|Any CPU
		{A4043DB8-083D-48E5-8B88-995C649DDA66}.Debug|Any CPU.ActiveCfg = Debug|Any CPU
		{A4043DB8-083D-48E5-8B88-995C649DDA66}.Debug|Any CPU.Build.0 = Debug|Any CPU
		{A4043DB8-083D-48E5-8B88-995C649DDA66}.Release|Any CPU.ActiveCfg = Release|Any CPU
		{A4043DB8-083D-48E5-8B88-995C649DDA66}.Release|Any CPU.Build.0 = Release|Any CPU
	EndGlobalSection
	GlobalSection(SolutionProperties) = preSolution
		HideSolutionNode = FALSE
	EndGlobalSection
	GlobalSection(ExtensibilityGlobals) = postSolution
		SolutionGuid = {5F8E3AAB-25C8-4EB8-8191-80771ED889E3}
	EndGlobalSection
EndGlobal
